
Microsoft Visual Studio Solution File, Format Version 12.00
# Visual Studio Version 17
VisualStudioVersion = 17.0.31717.71
MinimumVisualStudioVersion = 10.0.40219.1
Project("{8BC9CEB8-8B4A-11D0-8D11-00A0C91BC942}") = "raytracing", "raytracing\raytracing.vcxproj", "{62D66C06-7FC0-4D76-8BE8-D75C6DB4C7D1}"
EndProject
Project("{8BC9CEB8-8B4A-11D0-8D11-00A0C91BC942}") = "Catch_MathTest", "Catch_MathTest\Catch_MathTest.vcxproj", "{F3866C9F-D5E8-4447-ABDC-AE0184FB6B8C}"
EndProject
Project("{8BC9CEB8-8B4A-11D0-8D11-00A0C91BC942}") = "Math", "Math\Math.vcxproj", "{D24A7DC3-AA53-4279-B0C9-A4BDCB4C5494}"
EndProject
Project("{2150E333-8FDC-42A3-9474-1A3956D46DE8}") = "Solution Items", "Solution Items", "{674ED184-DAC0-4D46-B929-2E84359B8025}"
	ProjectSection(SolutionItems) = preProject
		README.md = README.md
	EndProjectSection
EndProject
Project("{8BC9CEB8-8B4A-11D0-8D11-00A0C91BC942}") = "Ch1_Projectile", "Ch1_Projectile\Ch1_Projectile.vcxproj", "{5B1DB129-2D1B-4554-9BB6-4A41D975DBC0}"
EndProject
Global
	GlobalSection(SolutionConfigurationPlatforms) = preSolution
		Debug|x64 = Debug|x64
		Debug|x86 = Debug|x86
		Release|x64 = Release|x64
		Release|x86 = Release|x86
	EndGlobalSection
	GlobalSection(ProjectConfigurationPlatforms) = postSolution
		{62D66C06-7FC0-4D76-8BE8-D75C6DB4C7D1}.Debug|x64.ActiveCfg = Debug|x64
		{62D66C06-7FC0-4D76-8BE8-D75C6DB4C7D1}.Debug|x64.Build.0 = Debug|x64
		{62D66C06-7FC0-4D76-8BE8-D75C6DB4C7D1}.Debug|x86.ActiveCfg = Debug|Win32
		{62D66C06-7FC0-4D76-8BE8-D75C6DB4C7D1}.Debug|x86.Build.0 = Debug|Win32
		{62D66C06-7FC0-4D76-8BE8-D75C6DB4C7D1}.Release|x64.ActiveCfg = Release|x64
		{62D66C06-7FC0-4D76-8BE8-D75C6DB4C7D1}.Release|x64.Build.0 = Release|x64
		{62D66C06-7FC0-4D76-8BE8-D75C6DB4C7D1}.Release|x86.ActiveCfg = Release|Win32
		{62D66C06-7FC0-4D76-8BE8-D75C6DB4C7D1}.Release|x86.Build.0 = Release|Win32
		{F3866C9F-D5E8-4447-ABDC-AE0184FB6B8C}.Debug|x64.ActiveCfg = Debug|x64
		{F3866C9F-D5E8-4447-ABDC-AE0184FB6B8C}.Debug|x64.Build.0 = Debug|x64
		{F3866C9F-D5E8-4447-ABDC-AE0184FB6B8C}.Debug|x86.ActiveCfg = Debug|Win32
		{F3866C9F-D5E8-4447-ABDC-AE0184FB6B8C}.Debug|x86.Build.0 = Debug|Win32
		{F3866C9F-D5E8-4447-ABDC-AE0184FB6B8C}.Release|x64.ActiveCfg = Release|x64
		{F3866C9F-D5E8-4447-ABDC-AE0184FB6B8C}.Release|x64.Build.0 = Release|x64
		{F3866C9F-D5E8-4447-ABDC-AE0184FB6B8C}.Release|x86.ActiveCfg = Release|Win32
		{F3866C9F-D5E8-4447-ABDC-AE0184FB6B8C}.Release|x86.Build.0 = Release|Win32
		{D24A7DC3-AA53-4279-B0C9-A4BDCB4C5494}.Debug|x64.ActiveCfg = Debug|x64
		{D24A7DC3-AA53-4279-B0C9-A4BDCB4C5494}.Debug|x64.Build.0 = Debug|x64
		{D24A7DC3-AA53-4279-B0C9-A4BDCB4C5494}.Debug|x86.ActiveCfg = Debug|Win32
		{D24A7DC3-AA53-4279-B0C9-A4BDCB4C5494}.Debug|x86.Build.0 = Debug|Win32
		{D24A7DC3-AA53-4279-B0C9-A4BDCB4C5494}.Release|x64.ActiveCfg = Release|x64
		{D24A7DC3-AA53-4279-B0C9-A4BDCB4C5494}.Release|x64.Build.0 = Release|x64
		{D24A7DC3-AA53-4279-B0C9-A4BDCB4C5494}.Release|x86.ActiveCfg = Release|Win32
		{D24A7DC3-AA53-4279-B0C9-A4BDCB4C5494}.Release|x86.Build.0 = Release|Win32
		{5B1DB129-2D1B-4554-9BB6-4A41D975DBC0}.Debug|x64.ActiveCfg = Debug|x64
		{5B1DB129-2D1B-4554-9BB6-4A41D975DBC0}.Debug|x64.Build.0 = Debug|x64
		{5B1DB129-2D1B-4554-9BB6-4A41D975DBC0}.Debug|x86.ActiveCfg = Debug|Win32
		{5B1DB129-2D1B-4554-9BB6-4A41D975DBC0}.Debug|x86.Build.0 = Debug|Win32
		{5B1DB129-2D1B-4554-9BB6-4A41D975DBC0}.Release|x64.ActiveCfg = Release|x64
		{5B1DB129-2D1B-4554-9BB6-4A41D975DBC0}.Release|x64.Build.0 = Release|x64
		{5B1DB129-2D1B-4554-9BB6-4A41D975DBC0}.Release|x86.ActiveCfg = Release|Win32
		{5B1DB129-2D1B-4554-9BB6-4A41D975DBC0}.Release|x86.Build.0 = Release|Win32
	EndGlobalSection
	GlobalSection(SolutionProperties) = preSolution
		HideSolutionNode = FALSE
	EndGlobalSection
	GlobalSection(ExtensibilityGlobals) = postSolution
		SolutionGuid = {D12E7959-1A24-45E9-BB61-573CA6BA7437}
	EndGlobalSection
EndGlobal
